<?xml version="1.0" encoding="utf-8"?>
<Project ToolsVersion="4.0" xmlns="http://schemas.microsoft.com/developer/msbuild/2003">
  <ItemGroup>
    <Filter Include="Исходные файлы">
      <UniqueIdentifier>{4FC737F1-C7A5-4376-A066-2A32D752A2FF}</UniqueIdentifier>
      <Extensions>cpp;c;cc;cxx;c++;cppm;ixx;def;odl;idl;hpj;bat;asm;asmx</Extensions>
    </Filter>
    <Filter Include="Файлы заголовков">
      <UniqueIdentifier>{93995380-89BD-4b04-88EB-625FBE52EBFB}</UniqueIdentifier>
      <Extensions>h;hh;hpp;hxx;h++;hm;inl;inc;ipp;xsd</Extensions>
    </Filter>
    <Filter Include="Файлы ресурсов">
      <UniqueIdentifier>{67DA6AB6-F800-4c08-8B7A-83BB121AAD01}</UniqueIdentifier>
      <Extensions>rc;ico;cur;bmp;dlg;rc2;rct;bin;rgs;gif;jpg;jpeg;jpe;resx;tiff;tif;png;wav;mfcribbon-ms</Extensions>
    </Filter>
  </ItemGroup>
  <ItemGroup>
    <ClInclude Include="third_party\imgui\backend\imgui_impl_dx9.h">
      <Filter>Файлы заголовков</Filter>
    </ClInclude>
    <ClInclude Include="third_party\imgui\backend\imgui_impl_dx10.h">
      <Filter>Файлы заголовков</Filter>
    </ClInclude>
    <ClInclude Include="third_party\imgui\backend\imgui_impl_dx11.h">
      <Filter>Файлы заголовков</Filter>
    </ClInclude>
    <ClInclude Include="third_party\imgui\backend\imgui_impl_opengl2.h">
      <Filter>Файлы заголовков</Filter>
    </ClInclude>
    <ClInclude Include="third_party\imgui\backend\imgui_impl_win32.h">
      <Filter>Файлы заголовков</Filter>
    </ClInclude>
    <ClInclude Include="third_party\imgui\imconfig.h">
      <Filter>Файлы заголовков</Filter>
    </ClInclude>
    <ClInclude Include="third_party\imgui\imgui.h">
      <Filter>Файлы заголовков</Filter>
    </ClInclude>
    <ClInclude Include="third_party\imgui\imgui_internal.h">
      <Filter>Файлы заголовков</Filter>
    </ClInclude>
    <ClInclude Include="third_party\imgui\imstb_rectpack.h">
      <Filter>Файлы заголовков</Filter>
    </ClInclude>
    <ClInclude Include="third_party\imgui\imstb_textedit.h">
      <Filter>Файлы заголовков</Filter>
    </ClInclude>
    <ClInclude Include="third_party\imgui\imstb_truetype.h">
      <Filter>Файлы заголовков</Filter>
    </ClInclude>
    <ClInclude Include="third_party\detours\x86\detours.h">
      <Filter>Файлы заголовков</Filter>
    </ClInclude>
    <ClInclude Include="third_party\detours\x64\detours.h">
      <Filter>Файлы заголовков</Filter>
    </ClInclude>
    <ClInclude Include="third_party\detours\x64\detver.h">
      <Filter>Файлы заголовков</Filter>
    </ClInclude>
    <ClInclude Include="third_party\detours\x64\syelog.h">
      <Filter>Файлы заголовков</Filter>
    </ClInclude>
    <ClInclude Include="third_party\detours\x86\detver.h">
      <Filter>Файлы заголовков</Filter>
    </ClInclude>
    <ClInclude Include="third_party\detours\x86\syelog.h">
      <Filter>Файлы заголовков</Filter>
    </ClInclude>
    <ClInclude Include="third_party\imgui\backend\imgui_impl_opengl3.h">
      <Filter>Файлы заголовков</Filter>
    </ClInclude>
    <ClInclude Include="third_party\imgui\backend\imgui_impl_opengl3_loader.h">
      <Filter>Файлы заголовков</Filter>
    </ClInclude>
    <ClInclude Include="third_party\imgui\backend\imgui_impl_dx12.h">
      <Filter>Файлы заголовков</Filter>
    </ClInclude>
    <ClInclude Include="mono\mono_api_functions.h">
      <Filter>Файлы заголовков</Filter>
    </ClInclude>
    <ClInclude Include="mono\mono.h">
      <Filter>Файлы заголовков</Filter>
    </ClInclude>
    <ClInclude Include="mono\mono_api_classes.h">
      <Filter>Файлы заголовков</Filter>
    </ClInclude>
    <ClInclude Include="mono\mono_game_data.h">
      <Filter>Файлы заголовков</Filter>
    </ClInclude>
    <ClInclude Include="mono\mono_game_offsets.h">
      <Filter>Файлы заголовков</Filter>
    </ClInclude>
    <ClInclude Include="mono\mono_game_static_fields.h">
      <Filter>Файлы заголовков</Filter>
    </ClInclude>
    <ClInclude Include="mono\mono_game_functions.h">
      <Filter>Файлы заголовков</Filter>
    </ClInclude>
    <ClInclude Include="haxsdk.h">
      <Filter>Файлы заголовков</Filter>
    </ClInclude>
    <ClInclude Include="haxsdk_gui.h">
      <Filter>Файлы заголовков</Filter>
    </ClInclude>
    <ClInclude Include="third_party\stb_image.h">
      <Filter>Файлы заголовков</Filter>
    </ClInclude>
    <ClInclude Include="backend\haxsdk_mono.h">
      <Filter>Файлы заголовков</Filter>
    </ClInclude>
    <ClInclude Include="backend\haxsdk_il2cpp.h">
      <Filter>Файлы заголовков</Filter>
    </ClInclude>
    <ClInclude Include="backend\mono\unity-5.6.h">
      <Filter>Файлы заголовков</Filter>
    </ClInclude>
    <ClInclude Include="backend\mono\unity-2018.1.h">
      <Filter>Файлы заголовков</Filter>
    </ClInclude>
    <ClInclude Include="backend\mono\unity-2018.2.h">
      <Filter>Файлы заголовков</Filter>
    </ClInclude>
    <ClInclude Include="backend\mono\unity-2018.3.h">
      <Filter>Файлы заголовков</Filter>
    </ClInclude>
    <ClInclude Include="backend\mono\unity-2018.4.h">
      <Filter>Файлы заголовков</Filter>
    </ClInclude>
    <ClInclude Include="backend\mono\unity-2022.1-mbe.h">
      <Filter>Файлы заголовков</Filter>
    </ClInclude>
    <ClInclude Include="backend\mono\mono_headers_def.h">
      <Filter>Файлы заголовков</Filter>
    </ClInclude>
    <ClInclude Include="backend\mono\unity-5.5.h">
      <Filter>Файлы заголовков</Filter>
    </ClInclude>
    <ClInclude Include="backend\mono\unity-2022.2-mbe.h">
      <Filter>Файлы заголовков</Filter>
    </ClInclude>
    <ClInclude Include="backend\mono\unity-2022.3-mbe.h">
      <Filter>Файлы заголовков</Filter>
    </ClInclude>
    <ClInclude Include="backend\mono\unity-2017.1.h">
      <Filter>Файлы заголовков</Filter>
    </ClInclude>
    <ClInclude Include="backend\mono\unity-2017.2.h">
      <Filter>Файлы заголовков</Filter>
    </ClInclude>
    <ClInclude Include="backend\mono\unity-2017.3.h">
      <Filter>Файлы заголовков</Filter>
    </ClInclude>
    <ClInclude Include="backend\mono\unity-2017.4.h">
      <Filter>Файлы заголовков</Filter>
    </ClInclude>
    <ClInclude Include="haxsdk_settings.h">
      <Filter>Файлы заголовков</Filter>
    </ClInclude>
    <ClInclude Include="haxsdk_unity.h">
      <Filter>Файлы заголовков</Filter>
    </ClInclude>
    <ClInclude Include="haxsdk_system.h">
      <Filter>Файлы заголовков</Filter>
    </ClInclude>
  </ItemGroup>
  <ItemGroup>
    <ClCompile Include="dllmain.cpp">
      <Filter>Исходные файлы</Filter>
    </ClCompile>
    <ClCompile Include="third_party\imgui\backend\imgui_impl_dx9.cpp">
      <Filter>Исходные файлы</Filter>
    </ClCompile>
    <ClCompile Include="third_party\imgui\backend\imgui_impl_dx10.cpp">
      <Filter>Исходные файлы</Filter>
    </ClCompile>
    <ClCompile Include="third_party\imgui\backend\imgui_impl_dx11.cpp">
      <Filter>Исходные файлы</Filter>
    </ClCompile>
    <ClCompile Include="third_party\imgui\backend\imgui_impl_opengl2.cpp">
      <Filter>Исходные файлы</Filter>
    </ClCompile>
    <ClCompile Include="third_party\imgui\backend\imgui_impl_win32.cpp">
      <Filter>Исходные файлы</Filter>
    </ClCompile>
    <ClCompile Include="third_party\imgui\imgui.cpp">
      <Filter>Исходные файлы</Filter>
    </ClCompile>
    <ClCompile Include="third_party\imgui\imgui_demo.cpp">
      <Filter>Исходные файлы</Filter>
    </ClCompile>
    <ClCompile Include="third_party\imgui\imgui_draw.cpp">
      <Filter>Исходные файлы</Filter>
    </ClCompile>
    <ClCompile Include="third_party\imgui\imgui_tables.cpp">
      <Filter>Исходные файлы</Filter>
    </ClCompile>
    <ClCompile Include="third_party\imgui\imgui_widgets.cpp">
      <Filter>Исходные файлы</Filter>
    </ClCompile>
    <ClCompile Include="third_party\imgui\backend\imgui_impl_opengl3.cpp">
      <Filter>Исходные файлы</Filter>
    </ClCompile>
    <ClCompile Include="third_party\imgui\backend\imgui_impl_dx12.cpp">
      <Filter>Исходные файлы</Filter>
    </ClCompile>
    <ClCompile Include="haxsdk.cpp">
      <Filter>Исходные файлы</Filter>
    </ClCompile>
    <ClCompile Include="haxsdk_gui.cpp">
      <Filter>Исходные файлы</Filter>
    </ClCompile>
    <ClCompile Include="backend\haxsdk_mono.cpp">
      <Filter>Исходные файлы</Filter>
    </ClCompile>
    <ClCompile Include="backend\haxsdk_il2cpp.cpp">
      <Filter>Исходные файлы</Filter>
    </ClCompile>
    <ClCompile Include="haxsdk_unity.cpp">
      <Filter>Исходные файлы</Filter>
    </ClCompile>
    <ClCompile Include="haxsdk_system.cpp">
      <Filter>Исходные файлы</Filter>
    </ClCompile>
    <ClCompile Include="cheat.cpp">
      <Filter>Исходные файлы</Filter>
    </ClCompile>
  </ItemGroup>
  <ItemGroup>
    <Library Include="third_party\detours\x86\detours.lib" />
    <Library Include="third_party\detours\x64\detours.lib" />
  </ItemGroup>
  <ItemGroup>
    <None Include="third_party\detours\x86\detours.pdb" />
    <None Include="third_party\detours\x64\detours.pdb" />
    <None Include="cpp.hint" />
  </ItemGroup>
</Project>